
Microsoft Visual Studio Solution File, Format Version 12.00
# Visual Studio Version 16
VisualStudioVersion = 16.0.29409.12
MinimumVisualStudioVersion = 10.0.40219.1
Project("{FAE04EC0-301F-11D3-BF4B-00C04F79EFBC}") = "Digital Signature Verification", "Digital Signature Verification.csproj", "{5E270F9E-A77A-4AA9-B3BF-5D571CDAD6D1}"
EndProject
Global
	GlobalSection(SolutionConfigurationPlatforms) = preSolution
		Debug|Any CPU = Debug|Any CPU
		Release|Any CPU = Release|Any CPU
	EndGlobalSection
	GlobalSection(ProjectConfigurationPlatforms) = postSolution
		{5E270F9E-A77A-4AA9-B3BF-5D571CDAD6D1}.Debug|Any CPU.ActiveCfg = Debug|Any CPU
		{5E270F9E-A77A-4AA9-B3BF-5D571CDAD6D1}.Debug|Any CPU.Build.0 = Debug|Any CPU
		{5E270F9E-A77A-4AA9-B3BF-5D571CDAD6D1}.Release|Any CPU.ActiveCfg = Release|Any CPU
		{5E270F9E-A77A-4AA9-B3BF-5D571CDAD6D1}.Release|Any CPU.Build.0 = Release|Any CPU
	EndGlobalSection
	GlobalSection(SolutionProperties) = preSolution
		HideSolutionNode = FALSE
	EndGlobalSection
	GlobalSection(ExtensibilityGlobals) = postSolution
		SolutionGuid = {82B2CCD9-F0D9-4D27-8F06-60A82303F25B}
	EndGlobalSection
EndGlobal
